// !$*UTF8*$!
{
	archiveVersion = 1;
	classes = {
	};
	objectVersion = 56;
	objects = {

/* Begin PBXBuildFile section */
		0A6F2C382953D45B00D94CF6 /* RandomizerMain.swift in Sources */ = {isa = PBXBuildFile; fileRef = 0A6F2C372953D45B00D94CF6 /* RandomizerMain.swift */; };
		0A6F2C3A2953DAC500D94CF6 /* ExpansionFilter.swift in Sources */ = {isa = PBXBuildFile; fileRef = 0A6F2C392953DAC500D94CF6 /* ExpansionFilter.swift */; };
		0A73703C2954D4FF00C71C27 /* HexagonParameters.swift in Sources */ = {isa = PBXBuildFile; fileRef = 0A73703B2954D4FF00C71C27 /* HexagonParameters.swift */; };
		0A73703E2954D7A800C71C27 /* BadgeBackground.swift in Sources */ = {isa = PBXBuildFile; fileRef = 0A73703D2954D7A800C71C27 /* BadgeBackground.swift */; };
		0A7370402954DBE800C71C27 /* BadgeSymbol.swift in Sources */ = {isa = PBXBuildFile; fileRef = 0A73703F2954DBE800C71C27 /* BadgeSymbol.swift */; };
		0A7370422954DC7400C71C27 /* RotatedBadgeSymbol.swift in Sources */ = {isa = PBXBuildFile; fileRef = 0A7370412954DC7400C71C27 /* RotatedBadgeSymbol.swift */; };
		0A7370442954DCF700C71C27 /* Badge.swift in Sources */ = {isa = PBXBuildFile; fileRef = 0A7370432954DCF700C71C27 /* Badge.swift */; };
		0A7370472954E1D400C71C27 /* Expansions.swift in Sources */ = {isa = PBXBuildFile; fileRef = 0A7370462954E1D400C71C27 /* Expansions.swift */; };
		0AD9127E2953923C00E52D1D /* FavoriteButton.swift in Sources */ = {isa = PBXBuildFile; fileRef = 0AD9127D2953923C00E52D1D /* FavoriteButton.swift */; };
		0AFAB35229535CE100BE6F86 /* LandmarksApp.swift in Sources */ = {isa = PBXBuildFile; fileRef = 0AFAB35129535CE100BE6F86 /* LandmarksApp.swift */; };
		0AFAB35429535CE100BE6F86 /* ContentView.swift in Sources */ = {isa = PBXBuildFile; fileRef = 0AFAB35329535CE100BE6F86 /* ContentView.swift */; };
		0AFAB35629535CE200BE6F86 /* Assets.xcassets in Resources */ = {isa = PBXBuildFile; fileRef = 0AFAB35529535CE200BE6F86 /* Assets.xcassets */; };
		0AFAB35A29535CE200BE6F86 /* Preview Assets.xcassets in Resources */ = {isa = PBXBuildFile; fileRef = 0AFAB35929535CE200BE6F86 /* Preview Assets.xcassets */; };
		0AFAB3612953620100BE6F86 /* CircleImage.swift in Sources */ = {isa = PBXBuildFile; fileRef = 0AFAB3602953620100BE6F86 /* CircleImage.swift */; };
		0AFAB363295363FB00BE6F86 /* MapView.swift in Sources */ = {isa = PBXBuildFile; fileRef = 0AFAB362295363FB00BE6F86 /* MapView.swift */; };
		0AFAB36529536ADF00BE6F86 /* landmarkData.json in Resources */ = {isa = PBXBuildFile; fileRef = 0AFAB36429536ADE00BE6F86 /* landmarkData.json */; };
		0AFAB36729536B3900BE6F86 /* Landmark.swift in Sources */ = {isa = PBXBuildFile; fileRef = 0AFAB36629536B3900BE6F86 /* Landmark.swift */; };
		0AFAB36929536D2800BE6F86 /* ModelData.swift in Sources */ = {isa = PBXBuildFile; fileRef = 0AFAB36829536D2800BE6F86 /* ModelData.swift */; };
		0AFAB36E29536F2500BE6F86 /* LandmarkRow.swift in Sources */ = {isa = PBXBuildFile; fileRef = 0AFAB36D29536F2500BE6F86 /* LandmarkRow.swift */; };
		0AFAB3702953728B00BE6F86 /* LandmarkList.swift in Sources */ = {isa = PBXBuildFile; fileRef = 0AFAB36F2953728B00BE6F86 /* LandmarkList.swift */; };
		0AFAB372295374C100BE6F86 /* LandmarkDetail.swift in Sources */ = {isa = PBXBuildFile; fileRef = 0AFAB371295374C100BE6F86 /* LandmarkDetail.swift */; };
/* End PBXBuildFile section */

/* Begin PBXFileReference section */
		0A6F2C372953D45B00D94CF6 /* RandomizerMain.swift */ = {isa = PBXFileReference; lastKnownFileType = sourcecode.swift; path = RandomizerMain.swift; sourceTree = "<group>"; };
		0A6F2C392953DAC500D94CF6 /* ExpansionFilter.swift */ = {isa = PBXFileReference; lastKnownFileType = sourcecode.swift; path = ExpansionFilter.swift; sourceTree = "<group>"; };
		0A73703B2954D4FF00C71C27 /* HexagonParameters.swift */ = {isa = PBXFileReference; lastKnownFileType = sourcecode.swift; path = HexagonParameters.swift; sourceTree = "<group>"; };
		0A73703D2954D7A800C71C27 /* BadgeBackground.swift */ = {isa = PBXFileReference; lastKnownFileType = sourcecode.swift; path = BadgeBackground.swift; sourceTree = "<group>"; };
		0A73703F2954DBE800C71C27 /* BadgeSymbol.swift */ = {isa = PBXFileReference; lastKnownFileType = sourcecode.swift; path = BadgeSymbol.swift; sourceTree = "<group>"; };
		0A7370412954DC7400C71C27 /* RotatedBadgeSymbol.swift */ = {isa = PBXFileReference; lastKnownFileType = sourcecode.swift; path = RotatedBadgeSymbol.swift; sourceTree = "<group>"; };
		0A7370432954DCF700C71C27 /* Badge.swift */ = {isa = PBXFileReference; lastKnownFileType = sourcecode.swift; path = Badge.swift; sourceTree = "<group>"; };
		0A7370462954E1D400C71C27 /* Expansions.swift */ = {isa = PBXFileReference; lastKnownFileType = sourcecode.swift; path = Expansions.swift; sourceTree = "<group>"; };
		0AD9127D2953923C00E52D1D /* FavoriteButton.swift */ = {isa = PBXFileReference; lastKnownFileType = sourcecode.swift; path = FavoriteButton.swift; sourceTree = "<group>"; };
		0AFAB34E29535CE100BE6F86 /* Landmarks.app */ = {isa = PBXFileReference; explicitFileType = wrapper.application; includeInIndex = 0; path = Landmarks.app; sourceTree = BUILT_PRODUCTS_DIR; };
		0AFAB35129535CE100BE6F86 /* LandmarksApp.swift */ = {isa = PBXFileReference; lastKnownFileType = sourcecode.swift; path = LandmarksApp.swift; sourceTree = "<group>"; };
		0AFAB35329535CE100BE6F86 /* ContentView.swift */ = {isa = PBXFileReference; lastKnownFileType = sourcecode.swift; path = ContentView.swift; sourceTree = "<group>"; };
		0AFAB35529535CE200BE6F86 /* Assets.xcassets */ = {isa = PBXFileReference; lastKnownFileType = folder.assetcatalog; path = Assets.xcassets; sourceTree = "<group>"; };
		0AFAB35729535CE200BE6F86 /* Landmarks.entitlements */ = {isa = PBXFileReference; lastKnownFileType = text.plist.entitlements; path = Landmarks.entitlements; sourceTree = "<group>"; };
		0AFAB35929535CE200BE6F86 /* Preview Assets.xcassets */ = {isa = PBXFileReference; lastKnownFileType = folder.assetcatalog; path = "Preview Assets.xcassets"; sourceTree = "<group>"; };
		0AFAB3602953620100BE6F86 /* CircleImage.swift */ = {isa = PBXFileReference; lastKnownFileType = sourcecode.swift; path = CircleImage.swift; sourceTree = "<group>"; };
		0AFAB362295363FB00BE6F86 /* MapView.swift */ = {isa = PBXFileReference; lastKnownFileType = sourcecode.swift; path = MapView.swift; sourceTree = "<group>"; };
		0AFAB36429536ADE00BE6F86 /* landmarkData.json */ = {isa = PBXFileReference; fileEncoding = 4; lastKnownFileType = text.json; path = landmarkData.json; sourceTree = "<group>"; };
		0AFAB36629536B3900BE6F86 /* Landmark.swift */ = {isa = PBXFileReference; lastKnownFileType = sourcecode.swift; path = Landmark.swift; sourceTree = "<group>"; };
		0AFAB36829536D2800BE6F86 /* ModelData.swift */ = {isa = PBXFileReference; lastKnownFileType = sourcecode.swift; path = ModelData.swift; sourceTree = "<group>"; };
		0AFAB36D29536F2500BE6F86 /* LandmarkRow.swift */ = {isa = PBXFileReference; lastKnownFileType = sourcecode.swift; path = LandmarkRow.swift; sourceTree = "<group>"; };
		0AFAB36F2953728B00BE6F86 /* LandmarkList.swift */ = {isa = PBXFileReference; lastKnownFileType = sourcecode.swift; path = LandmarkList.swift; sourceTree = "<group>"; };
		0AFAB371295374C100BE6F86 /* LandmarkDetail.swift */ = {isa = PBXFileReference; lastKnownFileType = sourcecode.swift; path = LandmarkDetail.swift; sourceTree = "<group>"; };
/* End PBXFileReference section */

/* Begin PBXFrameworksBuildPhase section */
		0AFAB34B29535CE100BE6F86 /* Frameworks */ = {
			isa = PBXFrameworksBuildPhase;
			buildActionMask = 2147483647;
			files = (
			);
			runOnlyForDeploymentPostprocessing = 0;
		};
/* End PBXFrameworksBuildPhase section */

/* Begin PBXGroup section */
		0A6F2C362953D27300D94CF6 /* Randomizer */ = {
			isa = PBXGroup;
			children = (
				0A6F2C372953D45B00D94CF6 /* RandomizerMain.swift */,
				0A6F2C392953DAC500D94CF6 /* ExpansionFilter.swift */,
				0A7370462954E1D400C71C27 /* Expansions.swift */,
			);
			path = Randomizer;
			sourceTree = "<group>";
		};
		0A7370452954DE9600C71C27 /* Badges */ = {
			isa = PBXGroup;
			children = (
				0A73703B2954D4FF00C71C27 /* HexagonParameters.swift */,
				0A73703D2954D7A800C71C27 /* BadgeBackground.swift */,
				0A73703F2954DBE800C71C27 /* BadgeSymbol.swift */,
				0A7370412954DC7400C71C27 /* RotatedBadgeSymbol.swift */,
				0A7370432954DCF700C71C27 /* Badge.swift */,
			);
			path = Badges;
			sourceTree = "<group>";
		};
		0AD9127F2953930F00E52D1D /* Landmarks */ = {
			isa = PBXGroup;
			children = (
				0AFAB36D29536F2500BE6F86 /* LandmarkRow.swift */,
				0AFAB36F2953728B00BE6F86 /* LandmarkList.swift */,
				0AFAB371295374C100BE6F86 /* LandmarkDetail.swift */,
			);
			path = Landmarks;
			sourceTree = "<group>";
		};
		0AD912802953931500E52D1D /* Helpers */ = {
			isa = PBXGroup;
			children = (
				0AFAB3602953620100BE6F86 /* CircleImage.swift */,
				0AFAB362295363FB00BE6F86 /* MapView.swift */,
				0AD9127D2953923C00E52D1D /* FavoriteButton.swift */,
			);
			path = Helpers;
			sourceTree = "<group>";
		};
		0AFAB34529535CE100BE6F86 = {
			isa = PBXGroup;
			children = (
				0AFAB35029535CE100BE6F86 /* Landmarks */,
				0AFAB34F29535CE100BE6F86 /* Products */,
			);
			sourceTree = "<group>";
		};
		0AFAB34F29535CE100BE6F86 /* Products */ = {
			isa = PBXGroup;
			children = (
				0AFAB34E29535CE100BE6F86 /* Landmarks.app */,
			);
			name = Products;
			sourceTree = "<group>";
		};
		0AFAB35029535CE100BE6F86 /* Landmarks */ = {
			isa = PBXGroup;
			children = (
				0AFAB36C29536EA600BE6F86 /* Resources */,
				0AFAB36B29536E9800BE6F86 /* Models */,
				0AFAB35129535CE100BE6F86 /* LandmarksApp.swift */,
				0AFAB36A29536E7A00BE6F86 /* Views */,
				0AFAB35529535CE200BE6F86 /* Assets.xcassets */,
				0AFAB35729535CE200BE6F86 /* Landmarks.entitlements */,
				0AFAB35829535CE200BE6F86 /* Preview Content */,
			);
			path = Landmarks;
			sourceTree = "<group>";
		};
		0AFAB35829535CE200BE6F86 /* Preview Content */ = {
			isa = PBXGroup;
			children = (
				0AFAB35929535CE200BE6F86 /* Preview Assets.xcassets */,
			);
			path = "Preview Content";
			sourceTree = "<group>";
		};
		0AFAB36A29536E7A00BE6F86 /* Views */ = {
			isa = PBXGroup;
			children = (
				0A6F2C362953D27300D94CF6 /* Randomizer */,
				0AD912802953931500E52D1D /* Helpers */,
				0AD9127F2953930F00E52D1D /* Landmarks */,
				0AFAB35329535CE100BE6F86 /* ContentView.swift */,
				0A7370452954DE9600C71C27 /* Badges */,
			);
			path = Views;
			sourceTree = "<group>";
		};
		0AFAB36B29536E9800BE6F86 /* Models */ = {
			isa = PBXGroup;
			children = (
				0AFAB36629536B3900BE6F86 /* Landmark.swift */,
				0AFAB36829536D2800BE6F86 /* ModelData.swift */,
			);
			path = Models;
			sourceTree = "<group>";
		};
		0AFAB36C29536EA600BE6F86 /* Resources */ = {
			isa = PBXGroup;
			children = (
				0AFAB36429536ADE00BE6F86 /* landmarkData.json */,
			);
			path = Resources;
			sourceTree = "<group>";
		};
/* End PBXGroup section */

/* Begin PBXNativeTarget section */
		0AFAB34D29535CE100BE6F86 /* Landmarks */ = {
			isa = PBXNativeTarget;
			buildConfigurationList = 0AFAB35D29535CE200BE6F86 /* Build configuration list for PBXNativeTarget "Landmarks" */;
			buildPhases = (
				0AFAB34A29535CE100BE6F86 /* Sources */,
				0AFAB34B29535CE100BE6F86 /* Frameworks */,
				0AFAB34C29535CE100BE6F86 /* Resources */,
			);
			buildRules = (
			);
			dependencies = (
			);
			name = Landmarks;
			productName = Landmarks;
			productReference = 0AFAB34E29535CE100BE6F86 /* Landmarks.app */;
			productType = "com.apple.product-type.application";
		};
/* End PBXNativeTarget section */

/* Begin PBXProject section */
		0AFAB34629535CE100BE6F86 /* Project object */ = {
			isa = PBXProject;
			attributes = {
				BuildIndependentTargetsInParallel = 1;
				LastSwiftUpdateCheck = 1420;
				LastUpgradeCheck = 1420;
				TargetAttributes = {
					0AFAB34D29535CE100BE6F86 = {
						CreatedOnToolsVersion = 14.2;
					};
				};
			};
			buildConfigurationList = 0AFAB34929535CE100BE6F86 /* Build configuration list for PBXProject "Landmarks" */;
			compatibilityVersion = "Xcode 14.0";
			developmentRegion = en;
			hasScannedForEncodings = 0;
			knownRegions = (
				en,
				Base,
			);
			mainGroup = 0AFAB34529535CE100BE6F86;
			productRefGroup = 0AFAB34F29535CE100BE6F86 /* Products */;
			projectDirPath = "";
			projectRoot = "";
			targets = (
				0AFAB34D29535CE100BE6F86 /* Landmarks */,
			);
		};
/* End PBXProject section */

/* Begin PBXResourcesBuildPhase section */
		0AFAB34C29535CE100BE6F86 /* Resources */ = {
			isa = PBXResourcesBuildPhase;
			buildActionMask = 2147483647;
			files = (
				0AFAB35A29535CE200BE6F86 /* Preview Assets.xcassets in Resources */,
				0AFAB35629535CE200BE6F86 /* Assets.xcassets in Resources */,
				0AFAB36529536ADF00BE6F86 /* landmarkData.json in Resources */,
			);
			runOnlyForDeploymentPostprocessing = 0;
		};
/* End PBXResourcesBuildPhase section */

/* Begin PBXSourcesBuildPhase section */
		0AFAB34A29535CE100BE6F86 /* Sources */ = {
			isa = PBXSourcesBuildPhase;
			buildActionMask = 2147483647;
			files = (
				0A6F2C382953D45B00D94CF6 /* RandomizerMain.swift in Sources */,
				0A7370442954DCF700C71C27 /* Badge.swift in Sources */,
				0AFAB35429535CE100BE6F86 /* ContentView.swift in Sources */,
				0AFAB363295363FB00BE6F86 /* MapView.swift in Sources */,
				0AFAB35229535CE100BE6F86 /* LandmarksApp.swift in Sources */,
				0AD9127E2953923C00E52D1D /* FavoriteButton.swift in Sources */,
				0AFAB3702953728B00BE6F86 /* LandmarkList.swift in Sources */,
				0AFAB372295374C100BE6F86 /* LandmarkDetail.swift in Sources */,
				0AFAB3612953620100BE6F86 /* CircleImage.swift in Sources */,
				0A7370402954DBE800C71C27 /* BadgeSymbol.swift in Sources */,
				0AFAB36E29536F2500BE6F86 /* LandmarkRow.swift in Sources */,
				0A73703E2954D7A800C71C27 /* BadgeBackground.swift in Sources */,
				0A73703C2954D4FF00C71C27 /* HexagonParameters.swift in Sources */,
				0AFAB36729536B3900BE6F86 /* Landmark.swift in Sources */,
				0AFAB36929536D2800BE6F86 /* ModelData.swift in Sources */,
				0A7370472954E1D400C71C27 /* Expansions.swift in Sources */,
				0A6F2C3A2953DAC500D94CF6 /* ExpansionFilter.swift in Sources */,
				0A7370422954DC7400C71C27 /* RotatedBadgeSymbol.swift in Sources */,
			);
			runOnlyForDeploymentPostprocessing = 0;
		};
/* End PBXSourcesBuildPhase section */

/* Begin XCBuildConfiguration section */
		0AFAB35B29535CE200BE6F86 /* Debug */ = {
			isa = XCBuildConfiguration;
			buildSettings = {
				ALWAYS_SEARCH_USER_PATHS = NO;
				CLANG_ANALYZER_NONNULL = YES;
				CLANG_ANALYZER_NUMBER_OBJECT_CONVERSION = YES_AGGRESSIVE;
				CLANG_CXX_LANGUAGE_STANDARD = "gnu++20";
				CLANG_ENABLE_MODULES = YES;
				CLANG_ENABLE_OBJC_ARC = YES;
				CLANG_ENABLE_OBJC_WEAK = YES;
				CLANG_WARN_BLOCK_CAPTURE_AUTORELEASING = YES;
				CLANG_WARN_BOOL_CONVERSION = YES;
				CLANG_WARN_COMMA = YES;
				CLANG_WARN_CONSTANT_CONVERSION = YES;
				CLANG_WARN_DEPRECATED_OBJC_IMPLEMENTATIONS = YES;
				CLANG_WARN_DIRECT_OBJC_ISA_USAGE = YES_ERROR;
				CLANG_WARN_DOCUMENTATION_COMMENTS = YES;
				CLANG_WARN_EMPTY_BODY = YES;
				CLANG_WARN_ENUM_CONVERSION = YES;
				CLANG_WARN_INFINITE_RECURSION = YES;
				CLANG_WARN_INT_CONVERSION = YES;
				CLANG_WARN_NON_LITERAL_NULL_CONVERSION = YES;
				CLANG_WARN_OBJC_IMPLICIT_RETAIN_SELF = YES;
				CLANG_WARN_OBJC_LITERAL_CONVERSION = YES;
				CLANG_WARN_OBJC_ROOT_CLASS = YES_ERROR;
				CLANG_WARN_QUOTED_INCLUDE_IN_FRAMEWORK_HEADER = YES;
				CLANG_WARN_RANGE_LOOP_ANALYSIS = YES;
				CLANG_WARN_STRICT_PROTOTYPES = YES;
				CLANG_WARN_SUSPICIOUS_MOVE = YES;
				CLANG_WARN_UNGUARDED_AVAILABILITY = YES_AGGRESSIVE;
				CLANG_WARN_UNREACHABLE_CODE = YES;
				CLANG_WARN__DUPLICATE_METHOD_MATCH = YES;
				COPY_PHASE_STRIP = NO;
				DEBUG_INFORMATION_FORMAT = dwarf;
				ENABLE_STRICT_OBJC_MSGSEND = YES;
				ENABLE_TESTABILITY = YES;
				GCC_C_LANGUAGE_STANDARD = gnu11;
				GCC_DYNAMIC_NO_PIC = NO;
				GCC_NO_COMMON_BLOCKS = YES;
				GCC_OPTIMIZATION_LEVEL = 0;
				GCC_PREPROCESSOR_DEFINITIONS = (
					"DEBUG=1",
					"$(inherited)",
				);
				GCC_WARN_64_TO_32_BIT_CONVERSION = YES;
				GCC_WARN_ABOUT_RETURN_TYPE = YES_ERROR;
				GCC_WARN_UNDECLARED_SELECTOR = YES;
				GCC_WARN_UNINITIALIZED_AUTOS = YES_AGGRESSIVE;
				GCC_WARN_UNUSED_FUNCTION = YES;
				GCC_WARN_UNUSED_VARIABLE = YES;
				MTL_ENABLE_DEBUG_INFO = INCLUDE_SOURCE;
				MTL_FAST_MATH = YES;
				ONLY_ACTIVE_ARCH = YES;
				SWIFT_ACTIVE_COMPILATION_CONDITIONS = DEBUG;
				SWIFT_OPTIMIZATION_LEVEL = "-Onone";
			};
			name = Debug;
		};
		0AFAB35C29535CE200BE6F86 /* Release */ = {
			isa = XCBuildConfiguration;
			buildSettings = {
				ALWAYS_SEARCH_USER_PATHS = NO;
				CLANG_ANALYZER_NONNULL = YES;
				CLANG_ANALYZER_NUMBER_OBJECT_CONVERSION = YES_AGGRESSIVE;
				CLANG_CXX_LANGUAGE_STANDARD = "gnu++20";
				CLANG_ENABLE_MODULES = YES;
				CLANG_ENABLE_OBJC_ARC = YES;
				CLANG_ENABLE_OBJC_WEAK = YES;
				CLANG_WARN_BLOCK_CAPTURE_AUTORELEASING = YES;
				CLANG_WARN_BOOL_CONVERSION = YES;
				CLANG_WARN_COMMA = YES;
				CLANG_WARN_CONSTANT_CONVERSION = YES;
				CLANG_WARN_DEPRECATED_OBJC_IMPLEMENTATIONS = YES;
				CLANG_WARN_DIRECT_OBJC_ISA_USAGE = YES_ERROR;
				CLANG_WARN_DOCUMENTATION_COMMENTS = YES;
				CLANG_WARN_EMPTY_BODY = YES;
				CLANG_WARN_ENUM_CONVERSION = YES;
				CLANG_WARN_INFINITE_RECURSION = YES;
				CLANG_WARN_INT_CONVERSION = YES;
				CLANG_WARN_NON_LITERAL_NULL_CONVERSION = YES;
				CLANG_WARN_OBJC_IMPLICIT_RETAIN_SELF = YES;
				CLANG_WARN_OBJC_LITERAL_CONVERSION = YES;
				CLANG_WARN_OBJC_ROOT_CLASS = YES_ERROR;
				CLANG_WARN_QUOTED_INCLUDE_IN_FRAMEWORK_HEADER = YES;
				CLANG_WARN_RANGE_LOOP_ANALYSIS = YES;
				CLANG_WARN_STRICT_PROTOTYPES = YES;
				CLANG_WARN_SUSPICIOUS_MOVE = YES;
				CLANG_WARN_UNGUARDED_AVAILABILITY = YES_AGGRESSIVE;
				CLANG_WARN_UNREACHABLE_CODE = YES;
				CLANG_WARN__DUPLICATE_METHOD_MATCH = YES;
				COPY_PHASE_STRIP = NO;
				DEBUG_INFORMATION_FORMAT = "dwarf-with-dsym";
				ENABLE_NS_ASSERTIONS = NO;
				ENABLE_STRICT_OBJC_MSGSEND = YES;
				GCC_C_LANGUAGE_STANDARD = gnu11;
				GCC_NO_COMMON_BLOCKS = YES;
				GCC_WARN_64_TO_32_BIT_CONVERSION = YES;
				GCC_WARN_ABOUT_RETURN_TYPE = YES_ERROR;
				GCC_WARN_UNDECLARED_SELECTOR = YES;
				GCC_WARN_UNINITIALIZED_AUTOS = YES_AGGRESSIVE;
				GCC_WARN_UNUSED_FUNCTION = YES;
				GCC_WARN_UNUSED_VARIABLE = YES;
				MTL_ENABLE_DEBUG_INFO = NO;
				MTL_FAST_MATH = YES;
				SWIFT_COMPILATION_MODE = wholemodule;
				SWIFT_OPTIMIZATION_LEVEL = "-O";
			};
			name = Release;
		};
		0AFAB35E29535CE200BE6F86 /* Debug */ = {
			isa = XCBuildConfiguration;
			buildSettings = {
				ASSETCATALOG_COMPILER_APPICON_NAME = AppIcon;
				ASSETCATALOG_COMPILER_GLOBAL_ACCENT_COLOR_NAME = AccentColor;
				CODE_SIGN_ENTITLEMENTS = Landmarks/Landmarks.entitlements;
				CODE_SIGN_STYLE = Automatic;
				CURRENT_PROJECT_VERSION = 1;
				DEVELOPMENT_ASSET_PATHS = "\"Landmarks/Preview Content\"";
				DEVELOPMENT_TEAM = H34NGW287W;
				ENABLE_HARDENED_RUNTIME = YES;
				ENABLE_PREVIEWS = YES;
				GENERATE_INFOPLIST_FILE = YES;
				"INFOPLIST_KEY_UIApplicationSceneManifest_Generation[sdk=iphoneos*]" = YES;
				"INFOPLIST_KEY_UIApplicationSceneManifest_Generation[sdk=iphonesimulator*]" = YES;
				"INFOPLIST_KEY_UIApplicationSupportsIndirectInputEvents[sdk=iphoneos*]" = YES;
				"INFOPLIST_KEY_UIApplicationSupportsIndirectInputEvents[sdk=iphonesimulator*]" = YES;
				"INFOPLIST_KEY_UILaunchScreen_Generation[sdk=iphoneos*]" = YES;
				"INFOPLIST_KEY_UILaunchScreen_Generation[sdk=iphonesimulator*]" = YES;
				"INFOPLIST_KEY_UIStatusBarStyle[sdk=iphoneos*]" = UIStatusBarStyleDefault;
				"INFOPLIST_KEY_UIStatusBarStyle[sdk=iphonesimulator*]" = UIStatusBarStyleDefault;
				INFOPLIST_KEY_UISupportedInterfaceOrientations_iPad = "UIInterfaceOrientationPortrait UIInterfaceOrientationPortraitUpsideDown UIInterfaceOrientationLandscapeLeft UIInterfaceOrientationLandscapeRight";
				INFOPLIST_KEY_UISupportedInterfaceOrientations_iPhone = "UIInterfaceOrientationPortrait UIInterfaceOrientationLandscapeLeft UIInterfaceOrientationLandscapeRight";
				IPHONEOS_DEPLOYMENT_TARGET = 16.1;
				LD_RUNPATH_SEARCH_PATHS = "@executable_path/Frameworks";
				"LD_RUNPATH_SEARCH_PATHS[sdk=macosx*]" = "@executable_path/../Frameworks";
				MACOSX_DEPLOYMENT_TARGET = 13.0;
				MARKETING_VERSION = 1.0;
				PRODUCT_BUNDLE_IDENTIFIER = com.supergoon.Landmarks;
				PRODUCT_NAME = "$(TARGET_NAME)";
				SDKROOT = auto;
				SUPPORTED_PLATFORMS = "iphoneos iphonesimulator macosx";
				SWIFT_EMIT_LOC_STRINGS = YES;
				SWIFT_VERSION = 5.0;
				TARGETED_DEVICE_FAMILY = "1,2";
			};
			name = Debug;
		};
		0AFAB35F29535CE200BE6F86 /* Release */ = {
			isa = XCBuildConfiguration;
			buildSettings = {
				ASSETCATALOG_COMPILER_APPICON_NAME = AppIcon;
				ASSETCATALOG_COMPILER_GLOBAL_ACCENT_COLOR_NAME = AccentColor;
				CODE_SIGN_ENTITLEMENTS = Landmarks/Landmarks.entitlements;
				CODE_SIGN_STYLE = Automatic;
				CURRENT_PROJECT_VERSION = 1;
				DEVELOPMENT_ASSET_PATHS = "\"Landmarks/Preview Content\"";
				DEVELOPMENT_TEAM = H34NGW287W;
				ENABLE_HARDENED_RUNTIME = YES;
				ENABLE_PREVIEWS = YES;
				GENERATE_INFOPLIST_FILE = YES;
				"INFOPLIST_KEY_UIApplicationSceneManifest_Generation[sdk=iphoneos*]" = YES;
				"INFOPLIST_KEY_UIApplicationSceneManifest_Generation[sdk=iphonesimulator*]" = YES;
				"INFOPLIST_KEY_UIApplicationSupportsIndirectInputEvents[sdk=iphoneos*]" = YES;
				"INFOPLIST_KEY_UIApplicationSupportsIndirectInputEvents[sdk=iphonesimulator*]" = YES;
				"INFOPLIST_KEY_UILaunchScreen_Generation[sdk=iphoneos*]" = YES;
				"INFOPLIST_KEY_UILaunchScreen_Generation[sdk=iphonesimulator*]" = YES;
				"INFOPLIST_KEY_UIStatusBarStyle[sdk=iphoneos*]" = UIStatusBarStyleDefault;
				"INFOPLIST_KEY_UIStatusBarStyle[sdk=iphonesimulator*]" = UIStatusBarStyleDefault;
				INFOPLIST_KEY_UISupportedInterfaceOrientations_iPad = "UIInterfaceOrientationPortrait UIInterfaceOrientationPortraitUpsideDown UIInterfaceOrientationLandscapeLeft UIInterfaceOrientationLandscapeRight";
				INFOPLIST_KEY_UISupportedInterfaceOrientations_iPhone = "UIInterfaceOrientationPortrait UIInterfaceOrientationLandscapeLeft UIInterfaceOrientationLandscapeRight";
				IPHONEOS_DEPLOYMENT_TARGET = 16.1;
				LD_RUNPATH_SEARCH_PATHS = "@executable_path/Frameworks";
				"LD_RUNPATH_SEARCH_PATHS[sdk=macosx*]" = "@executable_path/../Frameworks";
				MACOSX_DEPLOYMENT_TARGET = 13.0;
				MARKETING_VERSION = 1.0;
				PRODUCT_BUNDLE_IDENTIFIER = com.supergoon.Landmarks;
				PRODUCT_NAME = "$(TARGET_NAME)";
				SDKROOT = auto;
				SUPPORTED_PLATFORMS = "iphoneos iphonesimulator macosx";
				SWIFT_EMIT_LOC_STRINGS = YES;
				SWIFT_VERSION = 5.0;
				TARGETED_DEVICE_FAMILY = "1,2";
			};
			name = Release;
		};
/* End XCBuildConfiguration section */

/* Begin XCConfigurationList section */
		0AFAB34929535CE100BE6F86 /* Build configuration list for PBXProject "Landmarks" */ = {
			isa = XCConfigurationList;
			buildConfigurations = (
				0AFAB35B29535CE200BE6F86 /* Debug */,
				0AFAB35C29535CE200BE6F86 /* Release */,
			);
			defaultConfigurationIsVisible = 0;
			defaultConfigurationName = Release;
		};
		0AFAB35D29535CE200BE6F86 /* Build configuration list for PBXNativeTarget "Landmarks" */ = {
			isa = XCConfigurationList;
			buildConfigurations = (
				0AFAB35E29535CE200BE6F86 /* Debug */,
				0AFAB35F29535CE200BE6F86 /* Release */,
			);
			defaultConfigurationIsVisible = 0;
			defaultConfigurationName = Release;
		};
/* End XCConfigurationList section */
	};
	rootObject = 0AFAB34629535CE100BE6F86 /* Project object */;
}
